{
  "name": "acp-demos",
  "version": "2.0.0",
  "lockfileVersion": 3,
  "requires": true,
  "packages": {
    "": {
      "name": "acp-demos",
      "version": "2.0.0",
      "dependencies": {
        "@acprotocol/server": "file:../acp-server",
        "openai": "^6.33.0"
      }
    },
    "../acp-server": {
      "name": "@acprotocol/server",
      "version": "2.0.0",
      "license": "Apache-2.0",
      "dependencies": {
        "openai": "^6.33.0",
        "ws": "^8.18.0"
      },
      "bin": {
        "acp-server": "dist/cli.js"
      },
      "devDependencies": {
        "@types/node": "^22.0.0",
        "@types/ws": "^8.5.13",
        "@vitest/coverage-v8": "^3.0.0",
        "ajv": "^8.17.1",
        "ajv-formats": "^3.0.1",
        "prettier": "^3.8.1",
        "tsup": "^8.3.0",
        "tsx": "^4.19.0",
        "typescript": "^5.6.0",
        "vitest": "^3.0.0"
      },
      "engines": {
        "node": ">=18"
      }
    },
    "node_modules/@acprotocol/server": {
      "resolved": "../acp-server",
      "link": true
    },
    "node_modules/openai": {
      "version": "6.33.0",
      "resolved": "https://registry.npmjs.org/openai/-/openai-6.33.0.tgz",
      "integrity": "sha512-xAYN1W3YsDXJWA5F277135YfkEk6H7D3D6vWwRhJ3OEkzRgcyK8z/P5P9Gyi/wB4N8kK9kM5ZjprfvyHagKmpw==",
      "license": "Apache-2.0",
      "bin": {
        "openai": "bin/cli"
      },
      "peerDependencies": {
        "ws": "^8.18.0",
        "zod": "^3.25 || ^4.0"
      },
      "peerDependenciesMeta": {
        "ws": {
          "optional": true
        },
        "zod": {
          "optional": true
        }
      }
    }
  }
}
